
Microsoft Visual Studio Solution File, Format Version 12.00
# Visual Studio 14
VisualStudioVersion = 14.0.24720.0
MinimumVisualStudioVersion = 10.0.40219.1
Project("{FAE04EC0-301F-11D3-BF4B-00C04F79EFBC}") = "ConsoleSampleApplication", "Samples\ConsoleSampleApplication\ConsoleSampleApplication.csproj", "{76BB713E-FB6D-4A0E-AF95-FA18FF357C7D}"
EndProject
Project("{FAE04EC0-301F-11D3-BF4B-00C04F79EFBC}") = "IdokladSdk.Tests", "Test\IdokladSdk.Tests\IdokladSdk.Tests.csproj", "{9C9F3D53-14F3-4A1A-A8E2-570E876F31AA}"
EndProject
Project("{2150E333-8FDC-42A3-9474-1A3956D46DE8}") = "Test", "Test", "{CF174648-16D0-4C19-9CDD-4E24D08188A4}"
EndProject
Project("{2150E333-8FDC-42A3-9474-1A3956D46DE8}") = "Src", "Src", "{D17E1D16-B4F7-4085-B561-544D9880193B}"
	ProjectSection(SolutionItems) = preProject
		LICENSE = LICENSE
		README.md = README.md
	EndProjectSection
EndProject
Project("{2150E333-8FDC-42A3-9474-1A3956D46DE8}") = "Samples", "Samples", "{1C406542-ADFC-4A0E-B051-D393EBCF237B}"
EndProject
Project("{FAE04EC0-301F-11D3-BF4B-00C04F79EFBC}") = "IdokladSdk.Integration.Tests", "Test\IDokladSdk.Integration.Tests\IdokladSdk.Integration.Tests.csproj", "{6690C116-A7E3-446D-B6FC-B3B22D94FA41}"
EndProject
Project("{2150E333-8FDC-42A3-9474-1A3956D46DE8}") = "NuGet", "NuGet", "{098B7C91-AAED-443B-800E-9DEDD297149A}"
	ProjectSection(SolutionItems) = preProject
		NuGet\idokladsdk.nuspec = NuGet\idokladsdk.nuspec
		NuGet\nuget.exe = NuGet\nuget.exe
		NuGet\pack.bat = NuGet\pack.bat
	EndProjectSection
EndProject
Project("{FAE04EC0-301F-11D3-BF4B-00C04F79EFBC}") = "IdokladSdk.Net451", "Src\IdokladSdk.Net451\IdokladSdk.Net451.csproj", "{E6BF756A-ABF2-46DB-B9AD-8DD6A22C2F5A}"
EndProject
Project("{FAE04EC0-301F-11D3-BF4B-00C04F79EFBC}") = "IdokladSdk.Net452", "Src\IdokladSdk.Net452\IdokladSdk.Net452.csproj", "{FE486808-655C-4894-AF2A-94C146E91BCD}"
EndProject
Project("{FAE04EC0-301F-11D3-BF4B-00C04F79EFBC}") = "IdokladSdk", "Src\Idoklad\IdokladSdk.csproj", "{EAFB58D7-3DBD-4374-9938-E15895F8AF62}"
EndProject
Project("{FAE04EC0-301F-11D3-BF4B-00C04F79EFBC}") = "IdokladSdk.Net46", "Src\IdokladSdk.Net46\IdokladSdk.Net46\IdokladSdk.Net46.csproj", "{963D5AC5-D3CA-4829-A5EC-D6E8EB6D4F0A}"
EndProject
Global
	GlobalSection(SolutionConfigurationPlatforms) = preSolution
		Debug|Any CPU = Debug|Any CPU
		Release|Any CPU = Release|Any CPU
	EndGlobalSection
	GlobalSection(ProjectConfigurationPlatforms) = postSolution
		{76BB713E-FB6D-4A0E-AF95-FA18FF357C7D}.Debug|Any CPU.ActiveCfg = Debug|Any CPU
		{76BB713E-FB6D-4A0E-AF95-FA18FF357C7D}.Debug|Any CPU.Build.0 = Debug|Any CPU
		{76BB713E-FB6D-4A0E-AF95-FA18FF357C7D}.Release|Any CPU.ActiveCfg = Release|Any CPU
		{76BB713E-FB6D-4A0E-AF95-FA18FF357C7D}.Release|Any CPU.Build.0 = Release|Any CPU
		{9C9F3D53-14F3-4A1A-A8E2-570E876F31AA}.Debug|Any CPU.ActiveCfg = Debug|Any CPU
		{9C9F3D53-14F3-4A1A-A8E2-570E876F31AA}.Debug|Any CPU.Build.0 = Debug|Any CPU
		{9C9F3D53-14F3-4A1A-A8E2-570E876F31AA}.Release|Any CPU.ActiveCfg = Release|Any CPU
		{9C9F3D53-14F3-4A1A-A8E2-570E876F31AA}.Release|Any CPU.Build.0 = Release|Any CPU
		{6690C116-A7E3-446D-B6FC-B3B22D94FA41}.Debug|Any CPU.ActiveCfg = Debug|Any CPU
		{6690C116-A7E3-446D-B6FC-B3B22D94FA41}.Debug|Any CPU.Build.0 = Debug|Any CPU
		{6690C116-A7E3-446D-B6FC-B3B22D94FA41}.Release|Any CPU.ActiveCfg = Release|Any CPU
		{6690C116-A7E3-446D-B6FC-B3B22D94FA41}.Release|Any CPU.Build.0 = Release|Any CPU
		{E6BF756A-ABF2-46DB-B9AD-8DD6A22C2F5A}.Debug|Any CPU.ActiveCfg = Debug|Any CPU
		{E6BF756A-ABF2-46DB-B9AD-8DD6A22C2F5A}.Debug|Any CPU.Build.0 = Debug|Any CPU
		{E6BF756A-ABF2-46DB-B9AD-8DD6A22C2F5A}.Release|Any CPU.ActiveCfg = Release|Any CPU
		{E6BF756A-ABF2-46DB-B9AD-8DD6A22C2F5A}.Release|Any CPU.Build.0 = Release|Any CPU
		{FE486808-655C-4894-AF2A-94C146E91BCD}.Debug|Any CPU.ActiveCfg = Debug|Any CPU
		{FE486808-655C-4894-AF2A-94C146E91BCD}.Debug|Any CPU.Build.0 = Debug|Any CPU
		{FE486808-655C-4894-AF2A-94C146E91BCD}.Release|Any CPU.ActiveCfg = Release|Any CPU
		{FE486808-655C-4894-AF2A-94C146E91BCD}.Release|Any CPU.Build.0 = Release|Any CPU
		{EAFB58D7-3DBD-4374-9938-E15895F8AF62}.Debug|Any CPU.ActiveCfg = Debug|Any CPU
		{EAFB58D7-3DBD-4374-9938-E15895F8AF62}.Debug|Any CPU.Build.0 = Debug|Any CPU
		{EAFB58D7-3DBD-4374-9938-E15895F8AF62}.Release|Any CPU.ActiveCfg = Release|Any CPU
		{EAFB58D7-3DBD-4374-9938-E15895F8AF62}.Release|Any CPU.Build.0 = Release|Any CPU
		{963D5AC5-D3CA-4829-A5EC-D6E8EB6D4F0A}.Debug|Any CPU.ActiveCfg = Debug|Any CPU
		{963D5AC5-D3CA-4829-A5EC-D6E8EB6D4F0A}.Debug|Any CPU.Build.0 = Debug|Any CPU
		{963D5AC5-D3CA-4829-A5EC-D6E8EB6D4F0A}.Release|Any CPU.ActiveCfg = Release|Any CPU
		{963D5AC5-D3CA-4829-A5EC-D6E8EB6D4F0A}.Release|Any CPU.Build.0 = Release|Any CPU
	EndGlobalSection
	GlobalSection(SolutionProperties) = preSolution
		HideSolutionNode = FALSE
	EndGlobalSection
	GlobalSection(NestedProjects) = preSolution
		{76BB713E-FB6D-4A0E-AF95-FA18FF357C7D} = {1C406542-ADFC-4A0E-B051-D393EBCF237B}
		{9C9F3D53-14F3-4A1A-A8E2-570E876F31AA} = {CF174648-16D0-4C19-9CDD-4E24D08188A4}
		{6690C116-A7E3-446D-B6FC-B3B22D94FA41} = {CF174648-16D0-4C19-9CDD-4E24D08188A4}
		{E6BF756A-ABF2-46DB-B9AD-8DD6A22C2F5A} = {D17E1D16-B4F7-4085-B561-544D9880193B}
		{FE486808-655C-4894-AF2A-94C146E91BCD} = {D17E1D16-B4F7-4085-B561-544D9880193B}
		{EAFB58D7-3DBD-4374-9938-E15895F8AF62} = {D17E1D16-B4F7-4085-B561-544D9880193B}
		{963D5AC5-D3CA-4829-A5EC-D6E8EB6D4F0A} = {D17E1D16-B4F7-4085-B561-544D9880193B}
	EndGlobalSection
EndGlobal
